
Microsoft Visual Studio Solution File, Format Version 12.00
# Visual Studio Version 16
VisualStudioVersion = 16.0.29001.49
MinimumVisualStudioVersion = 10.0.40219.1
Project("{FAE04EC0-301F-11D3-BF4B-00C04F79EFBC}") = "Calculo Sueldo", "Calculo Sueldo.csproj", "{2D3B4BA4-9083-4FEC-B3B4-EA23D28B8017}"
EndProject
Global
	GlobalSection(SolutionConfigurationPlatforms) = preSolution
		Debug|Any CPU = Debug|Any CPU
		Release|Any CPU = Release|Any CPU
	EndGlobalSection
	GlobalSection(ProjectConfigurationPlatforms) = postSolution
		{2D3B4BA4-9083-4FEC-B3B4-EA23D28B8017}.Debug|Any CPU.ActiveCfg = Debug|Any CPU
		{2D3B4BA4-9083-4FEC-B3B4-EA23D28B8017}.Debug|Any CPU.Build.0 = Debug|Any CPU
		{2D3B4BA4-9083-4FEC-B3B4-EA23D28B8017}.Release|Any CPU.ActiveCfg = Release|Any CPU
		{2D3B4BA4-9083-4FEC-B3B4-EA23D28B8017}.Release|Any CPU.Build.0 = Release|Any CPU
	EndGlobalSection
	GlobalSection(SolutionProperties) = preSolution
		HideSolutionNode = FALSE
	EndGlobalSection
	GlobalSection(ExtensibilityGlobals) = postSolution
		SolutionGuid = {E3F20AC6-3206-4FFF-A14C-830A83A2B51D}
	EndGlobalSection
EndGlobal
